
Microsoft Visual Studio Solution File, Format Version 12.00
# Visual Studio Version 17
VisualStudioVersion = 17.3.32929.385
MinimumVisualStudioVersion = 10.0.40219.1
Project("{FAE04EC0-301F-11D3-BF4B-00C04F79EFBC}") = "Graphics3D", "Graphics3D\Graphics3D.csproj", "{C87BF612-5CCF-4CF2-9D3C-5E98ADF92810}"
EndProject
Global
	GlobalSection(SolutionConfigurationPlatforms) = preSolution
		Debug|Any CPU = Debug|Any CPU
		Release|Any CPU = Release|Any CPU
	EndGlobalSection
	GlobalSection(ProjectConfigurationPlatforms) = postSolution
		{C87BF612-5CCF-4CF2-9D3C-5E98ADF92810}.Debug|Any CPU.ActiveCfg = Debug|Any CPU
		{C87BF612-5CCF-4CF2-9D3C-5E98ADF92810}.Debug|Any CPU.Build.0 = Debug|Any CPU
		{C87BF612-5CCF-4CF2-9D3C-5E98ADF92810}.Release|Any CPU.ActiveCfg = Release|Any CPU
		{C87BF612-5CCF-4CF2-9D3C-5E98ADF92810}.Release|Any CPU.Build.0 = Release|Any CPU
	EndGlobalSection
	GlobalSection(SolutionProperties) = preSolution
		HideSolutionNode = FALSE
	EndGlobalSection
	GlobalSection(ExtensibilityGlobals) = postSolution
		SolutionGuid = {84B7D6CE-30B3-4BD4-B97C-6A08E7816DDD}
	EndGlobalSection
EndGlobal
